cattlecloud.net/go/scope v1.2.0 h1:9M1BRfmjRIwJAxCbkiLiXesrk97UlNconeAamt1q9Mo=
cattlecloud.net/go/scope v1.2.0/go.mod h1:YGE0XO+qTS84e0nxPDA97WmiMxnjknMQ7WOUWYNzy9Y=
cattlecloud.net/go/stacks v1.1.2 h1:sr4bYJBh1Y14js/ZSA8F0dRJO+Bf3SLGvkgIBngDu1I=
cattlecloud.net/go/stacks v1.1.2/go.mod h1:FvyB+rT9qnhvNz9ZmP7xuueS130Q85TXJdd+xqVbSK8=
github.com/google/go-cmp v0.6.0 h1:ofyhxvXcZhMsU5ulbFiLKl/XBFqE1GSq7atu8tAmTRI=
github.com/google/go-cmp v0.6.0/go.mod h1:17dUlkBOakJ0+DkrSSNjCkIjxS6bF9zb3elmeNGIjoY=
github.com/shoenig/ignore v0.4.0 h1:qPOWs0slbPMtenC0H3cKvu5Kn3hQFTE3yK6YJvyNDlA=
github.com/shoenig/ignore v0.4.0/go.mod h1:VF91FoiYAwXq4KinOq6zP5xfFw/Ib6MfftaGKYTpmwo=
github.com/shoenig/test v1.12.1 h1:mLHfnMv7gmhhP44WrvT+nKSxKkPDiNkIuHGdIGI9RLU=
github.com/shoenig/test v1.12.1/go.mod h1:UxJ6u/x2v/TNs/LoLxBNJRV9DiwBBKYxXSyczsBHFoI=
